
Microsoft Visual Studio Solution File, Format Version 12.00
# Visual Studio Version 16
VisualStudioVersion = 16.0.31729.503
MinimumVisualStudioVersion = 10.0.40219.1
Project("{FAE04EC0-301F-11D3-BF4B-00C04F79EFBC}") = "N_DI_Minta", "N_DI_Minta\N_DI_Minta.csproj", "{EF86E6F1-B1A0-4636-B3C8-CE888A90159B}"
EndProject
Global
	GlobalSection(SolutionConfigurationPlatforms) = preSolution
		Debug|Any CPU = Debug|Any CPU
		Release|Any CPU = Release|Any CPU
	EndGlobalSection
	GlobalSection(ProjectConfigurationPlatforms) = postSolution
		{EF86E6F1-B1A0-4636-B3C8-CE888A90159B}.Debug|Any CPU.ActiveCfg = Debug|Any CPU
		{EF86E6F1-B1A0-4636-B3C8-CE888A90159B}.Debug|Any CPU.Build.0 = Debug|Any CPU
		{EF86E6F1-B1A0-4636-B3C8-CE888A90159B}.Release|Any CPU.ActiveCfg = Release|Any CPU
		{EF86E6F1-B1A0-4636-B3C8-CE888A90159B}.Release|Any CPU.Build.0 = Release|Any CPU
	EndGlobalSection
	GlobalSection(SolutionProperties) = preSolution
		HideSolutionNode = FALSE
	EndGlobalSection
	GlobalSection(ExtensibilityGlobals) = postSolution
		SolutionGuid = {C2759F88-D002-47BC-B178-08C5B4EFEC1B}
	EndGlobalSection
EndGlobal
